
Microsoft Visual Studio Solution File, Format Version 12.00
# Visual Studio Version 17
VisualStudioVersion = 17.5.002.0
MinimumVisualStudioVersion = 10.0.40219.1
Project("{9A19103F-16F7-4668-BE54-9A1E7A4F7556}") = "teste", "teste.csproj", "{2BF4C5BB-01DC-4D0C-9496-2F3506F7ABD0}"
EndProject
Global
	GlobalSection(SolutionConfigurationPlatforms) = preSolution
		Debug|Any CPU = Debug|Any CPU
		Release|Any CPU = Release|Any CPU
	EndGlobalSection
	GlobalSection(ProjectConfigurationPlatforms) = postSolution
		{2BF4C5BB-01DC-4D0C-9496-2F3506F7ABD0}.Debug|Any CPU.ActiveCfg = Debug|Any CPU
		{2BF4C5BB-01DC-4D0C-9496-2F3506F7ABD0}.Debug|Any CPU.Build.0 = Debug|Any CPU
		{2BF4C5BB-01DC-4D0C-9496-2F3506F7ABD0}.Release|Any CPU.ActiveCfg = Release|Any CPU
		{2BF4C5BB-01DC-4D0C-9496-2F3506F7ABD0}.Release|Any CPU.Build.0 = Release|Any CPU
	EndGlobalSection
	GlobalSection(SolutionProperties) = preSolution
		HideSolutionNode = FALSE
	EndGlobalSection
	GlobalSection(ExtensibilityGlobals) = postSolution
		SolutionGuid = {27A1DEE0-F679-400A-95A8-93D80BC15348}
	EndGlobalSection
EndGlobal
